// !$*UTF8*$!
{
	archiveVersion = 1;
	classes = {
	};
	objectVersion = 46;
	objects = {

/* Begin PBXBuildFile section */
		EAAA627E1A8D94CF00045C45 /* AppDelegate.m in Sources */ = {isa = PBXBuildFile; fileRef = EAAA626D1A8D94CF00045C45 /* AppDelegate.m */; };
		EAAA62801A8D94CF00045C45 /* main.m in Sources */ = {isa = PBXBuildFile; fileRef = EAAA62721A8D94CF00045C45 /* main.m */; };
		EAAA62811A8D94CF00045C45 /* ViewController.m in Sources */ = {isa = PBXBuildFile; fileRef = EAAA62741A8D94CF00045C45 /* ViewController.m */; };
/* End PBXBuildFile section */

/* Begin PBXFileReference section */
		EAAA62411A8D944300045C45 /* DollEngine.app */ = {isa = PBXFileReference; explicitFileType = wrapper.application; includeInIndex = 0; path = DollEngine.app; sourceTree = BUILT_PRODUCTS_DIR; };
		EAAA626C1A8D94CF00045C45 /* AppDelegate.h */ = {isa = PBXFileReference; fileEncoding = 4; lastKnownFileType = sourcecode.c.h; path = AppDelegate.h; sourceTree = "<group>"; };
		EAAA626D1A8D94CF00045C45 /* AppDelegate.m */ = {isa = PBXFileReference; fileEncoding = 4; lastKnownFileType = sourcecode.c.objc; path = AppDelegate.m; sourceTree = "<group>"; };
		EAAA626E1A8D94CF00045C45 /* Info-ios.plist */ = {isa = PBXFileReference; fileEncoding = 4; lastKnownFileType = text.plist.xml; path = "Info-ios.plist"; sourceTree = "<group>"; };
		EAAA62721A8D94CF00045C45 /* main.m */ = {isa = PBXFileReference; fileEncoding = 4; lastKnownFileType = sourcecode.c.objc; path = main.m; sourceTree = "<group>"; };
		EAAA62731A8D94CF00045C45 /* ViewController.h */ = {isa = PBXFileReference; fileEncoding = 4; lastKnownFileType = sourcecode.c.h; path = ViewController.h; sourceTree = "<group>"; };
		EAAA62741A8D94CF00045C45 /* ViewController.m */ = {isa = PBXFileReference; fileEncoding = 4; lastKnownFileType = sourcecode.c.objc; path = ViewController.m; sourceTree = "<group>"; };
/* End PBXFileReference section */

/* Begin PBXFrameworksBuildPhase section */
		EAAA623E1A8D944300045C45 /* Frameworks */ = {
			isa = PBXFrameworksBuildPhase;
			buildActionMask = 2147483647;
			files = (
			);
			runOnlyForDeploymentPostprocessing = 0;
		};
/* End PBXFrameworksBuildPhase section */

/* Begin PBXGroup section */
		EAAA62381A8D944300045C45 = {
			isa = PBXGroup;
			children = (
				EAAA626A1A8D94CF00045C45 /* DollEngine */,
				EAAA62421A8D944300045C45 /* Products */,
			);
			sourceTree = "<group>";
		};
		EAAA62421A8D944300045C45 /* Products */ = {
			isa = PBXGroup;
			children = (
				EAAA62411A8D944300045C45 /* DollEngine.app */,
			);
			name = Products;
			sourceTree = "<group>";
		};
		EAAA626A1A8D94CF00045C45 /* DollEngine */ = {
			isa = PBXGroup;
			children = (
				EAAA626B1A8D94CF00045C45 /* proj.ios */,
			);
			name = DollEngine;
			path = ..;
			sourceTree = "<group>";
		};
		EAAA626B1A8D94CF00045C45 /* proj.ios */ = {
			isa = PBXGroup;
			children = (
				EAAA626C1A8D94CF00045C45 /* AppDelegate.h */,
				EAAA626D1A8D94CF00045C45 /* AppDelegate.m */,
				EAAA626E1A8D94CF00045C45 /* Info-ios.plist */,
				EAAA62721A8D94CF00045C45 /* main.m */,
				EAAA62731A8D94CF00045C45 /* ViewController.h */,
				EAAA62741A8D94CF00045C45 /* ViewController.m */,
			);
			path = proj.ios;
			sourceTree = "<group>";
		};
/* End PBXGroup section */

/* Begin PBXNativeTarget section */
		EAAA62401A8D944300045C45 /* DollEngine */ = {
			isa = PBXNativeTarget;
			buildConfigurationList = EAAA62641A8D944300045C45 /* Build configuration list for PBXNativeTarget "DollEngine" */;
			buildPhases = (
				EAAA623D1A8D944300045C45 /* Sources */,
				EAAA623E1A8D944300045C45 /* Frameworks */,
				EAAA623F1A8D944300045C45 /* Resources */,
			);
			buildRules = (
			);
			dependencies = (
			);
			name = DollEngine;
			productName = DollEngine;
			productReference = EAAA62411A8D944300045C45 /* DollEngine.app */;
			productType = "com.apple.product-type.application";
		};
/* End PBXNativeTarget section */

/* Begin PBXProject section */
		EAAA62391A8D944300045C45 /* Project object */ = {
			isa = PBXProject;
			attributes = {
				LastUpgradeCheck = 0610;
				ORGANIZATIONNAME = "血染的玩偶";
				TargetAttributes = {
					EAAA62401A8D944300045C45 = {
						CreatedOnToolsVersion = 6.1;
					};
				};
			};
			buildConfigurationList = EAAA623C1A8D944300045C45 /* Build configuration list for PBXProject "DollEngine" */;
			compatibilityVersion = "Xcode 3.2";
			developmentRegion = English;
			hasScannedForEncodings = 0;
			knownRegions = (
				en,
				Base,
			);
			mainGroup = EAAA62381A8D944300045C45;
			productRefGroup = EAAA62421A8D944300045C45 /* Products */;
			projectDirPath = "";
			projectRoot = "";
			targets = (
				EAAA62401A8D944300045C45 /* DollEngine */,
			);
		};
/* End PBXProject section */

/* Begin PBXResourcesBuildPhase section */
		EAAA623F1A8D944300045C45 /* Resources */ = {
			isa = PBXResourcesBuildPhase;
			buildActionMask = 2147483647;
			files = (
			);
			runOnlyForDeploymentPostprocessing = 0;
		};
/* End PBXResourcesBuildPhase section */

/* Begin PBXSourcesBuildPhase section */
		EAAA623D1A8D944300045C45 /* Sources */ = {
			isa = PBXSourcesBuildPhase;
			buildActionMask = 2147483647;
			files = (
				EAAA62811A8D94CF00045C45 /* ViewController.m in Sources */,
				EAAA62801A8D94CF00045C45 /* main.m in Sources */,
				EAAA627E1A8D94CF00045C45 /* AppDelegate.m in Sources */,
			);
			runOnlyForDeploymentPostprocessing = 0;
		};
/* End PBXSourcesBuildPhase section */

/* Begin XCBuildConfiguration section */
		EAAA62621A8D944300045C45 /* Debug */ = {
			isa = XCBuildConfiguration;
			buildSettings = {
				ALWAYS_SEARCH_USER_PATHS = NO;
				CLANG_CXX_LANGUAGE_STANDARD = "gnu++0x";
				CLANG_CXX_LIBRARY = "libc++";
				CLANG_ENABLE_MODULES = YES;
				CLANG_ENABLE_OBJC_ARC = YES;
				CLANG_WARN_BOOL_CONVERSION = YES;
				CLANG_WARN_CONSTANT_CONVERSION = YES;
				CLANG_WARN_DIRECT_OBJC_ISA_USAGE = YES_ERROR;
				CLANG_WARN_EMPTY_BODY = YES;
				CLANG_WARN_ENUM_CONVERSION = YES;
				CLANG_WARN_INT_CONVERSION = YES;
				CLANG_WARN_OBJC_ROOT_CLASS = YES_ERROR;
				CLANG_WARN_UNREACHABLE_CODE = YES;
				CLANG_WARN__DUPLICATE_METHOD_MATCH = YES;
				"CODE_SIGN_IDENTITY[sdk=iphoneos*]" = "iPhone Developer";
				COPY_PHASE_STRIP = NO;
				ENABLE_STRICT_OBJC_MSGSEND = YES;
				GCC_C_LANGUAGE_STANDARD = gnu99;
				GCC_DYNAMIC_NO_PIC = NO;
				GCC_OPTIMIZATION_LEVEL = 0;
				GCC_PREPROCESSOR_DEFINITIONS = (
					"DEBUG=1",
					"$(inherited)",
				);
				GCC_SYMBOLS_PRIVATE_EXTERN = NO;
				GCC_WARN_64_TO_32_BIT_CONVERSION = YES;
				GCC_WARN_ABOUT_RETURN_TYPE = YES_ERROR;
				GCC_WARN_UNDECLARED_SELECTOR = YES;
				GCC_WARN_UNINITIALIZED_AUTOS = YES_AGGRESSIVE;
				GCC_WARN_UNUSED_FUNCTION = YES;
				GCC_WARN_UNUSED_VARIABLE = YES;
				IPHONEOS_DEPLOYMENT_TARGET = 8.1;
				MTL_ENABLE_DEBUG_INFO = YES;
				ONLY_ACTIVE_ARCH = YES;
				SDKROOT = iphoneos;
			};
			name = Debug;
		};
		EAAA62631A8D944300045C45 /* Release */ = {
			isa = XCBuildConfiguration;
			buildSettings = {
				ALWAYS_SEARCH_USER_PATHS = NO;
				CLANG_CXX_LANGUAGE_STANDARD = "gnu++0x";
				CLANG_CXX_LIBRARY = "libc++";
				CLANG_ENABLE_MODULES = YES;
				CLANG_ENABLE_OBJC_ARC = YES;
				CLANG_WARN_BOOL_CONVERSION = YES;
				CLANG_WARN_CONSTANT_CONVERSION = YES;
				CLANG_WARN_DIRECT_OBJC_ISA_USAGE = YES_ERROR;
				CLANG_WARN_EMPTY_BODY = YES;
				CLANG_WARN_ENUM_CONVERSION = YES;
				CLANG_WARN_INT_CONVERSION = YES;
				CLANG_WARN_OBJC_ROOT_CLASS = YES_ERROR;
				CLANG_WARN_UNREACHABLE_CODE = YES;
				CLANG_WARN__DUPLICATE_METHOD_MATCH = YES;
				"CODE_SIGN_IDENTITY[sdk=iphoneos*]" = "iPhone Developer";
				COPY_PHASE_STRIP = YES;
				ENABLE_NS_ASSERTIONS = NO;
				ENABLE_STRICT_OBJC_MSGSEND = YES;
				GCC_C_LANGUAGE_STANDARD = gnu99;
				GCC_WARN_64_TO_32_BIT_CONVERSION = YES;
				GCC_WARN_ABOUT_RETURN_TYPE = YES_ERROR;
				GCC_WARN_UNDECLARED_SELECTOR = YES;
				GCC_WARN_UNINITIALIZED_AUTOS = YES_AGGRESSIVE;
				GCC_WARN_UNUSED_FUNCTION = YES;
				GCC_WARN_UNUSED_VARIABLE = YES;
				IPHONEOS_DEPLOYMENT_TARGET = 8.1;
				MTL_ENABLE_DEBUG_INFO = NO;
				SDKROOT = iphoneos;
				VALIDATE_PRODUCT = YES;
			};
			name = Release;
		};
		EAAA62651A8D944300045C45 /* Debug */ = {
			isa = XCBuildConfiguration;
			buildSettings = {
				ASSETCATALOG_COMPILER_APPICON_NAME = AppIcon;
				INFOPLIST_FILE = "$(SRCROOT)/Info-ios.plist";
				LD_RUNPATH_SEARCH_PATHS = "$(inherited) @executable_path/Frameworks";
				PRODUCT_NAME = "$(TARGET_NAME)";
			};
			name = Debug;
		};
		EAAA62661A8D944300045C45 /* Release */ = {
			isa = XCBuildConfiguration;
			buildSettings = {
				ASSETCATALOG_COMPILER_APPICON_NAME = AppIcon;
				INFOPLIST_FILE = "$(SRCROOT)/Info-ios.plist";
				LD_RUNPATH_SEARCH_PATHS = "$(inherited) @executable_path/Frameworks";
				PRODUCT_NAME = "$(TARGET_NAME)";
			};
			name = Release;
		};
/* End XCBuildConfiguration section */

/* Begin XCConfigurationList section */
		EAAA623C1A8D944300045C45 /* Build configuration list for PBXProject "DollEngine" */ = {
			isa = XCConfigurationList;
			buildConfigurations = (
				EAAA62621A8D944300045C45 /* Debug */,
				EAAA62631A8D944300045C45 /* Release */,
			);
			defaultConfigurationIsVisible = 0;
			defaultConfigurationName = Release;
		};
		EAAA62641A8D944300045C45 /* Build configuration list for PBXNativeTarget "DollEngine" */ = {
			isa = XCConfigurationList;
			buildConfigurations = (
				EAAA62651A8D944300045C45 /* Debug */,
				EAAA62661A8D944300045C45 /* Release */,
			);
			defaultConfigurationIsVisible = 0;
			defaultConfigurationName = Release;
		};
/* End XCConfigurationList section */
	};
	rootObject = EAAA62391A8D944300045C45 /* Project object */;
}
