// !$*UTF8*$!
{
	archiveVersion = 1;
	classes = {
	};
	objectVersion = 46;
	objects = {

/* Begin PBXBuildFile section */
		B81CD6EA1AAB347700CCFE7E /* fdv_res.h in Headers */ = {isa = PBXBuildFile; fileRef = B81CD6E91AAB347700CCFE7E /* fdv_res.h */; };
		B81CD6EC1AAB347700CCFE7E /* fdv_res.cpp in Sources */ = {isa = PBXBuildFile; fileRef = B81CD6EB1AAB347700CCFE7E /* fdv_res.cpp */; };
/* End PBXBuildFile section */

/* Begin PBXFileReference section */
		B81CD6E61AAB347700CCFE7E /* libfdv_res.a */ = {isa = PBXFileReference; explicitFileType = archive.ar; includeInIndex = 0; path = libfdv_res.a; sourceTree = BUILT_PRODUCTS_DIR; };
		B81CD6E91AAB347700CCFE7E /* fdv_res.h */ = {isa = PBXFileReference; lastKnownFileType = sourcecode.c.h; path = fdv_res.h; sourceTree = "<group>"; };
		B81CD6EB1AAB347700CCFE7E /* fdv_res.cpp */ = {isa = PBXFileReference; lastKnownFileType = sourcecode.cpp.cpp; path = fdv_res.cpp; sourceTree = "<group>"; };
/* End PBXFileReference section */

/* Begin PBXFrameworksBuildPhase section */
		B81CD6E31AAB347700CCFE7E /* Frameworks */ = {
			isa = PBXFrameworksBuildPhase;
			buildActionMask = 2147483647;
			files = (
			);
			runOnlyForDeploymentPostprocessing = 0;
		};
/* End PBXFrameworksBuildPhase section */

/* Begin PBXGroup section */
		B81CD6DD1AAB347700CCFE7E = {
			isa = PBXGroup;
			children = (
				B81CD6E81AAB347700CCFE7E /* fdv_res */,
				B81CD6E71AAB347700CCFE7E /* Products */,
			);
			sourceTree = "<group>";
		};
		B81CD6E71AAB347700CCFE7E /* Products */ = {
			isa = PBXGroup;
			children = (
				B81CD6E61AAB347700CCFE7E /* libfdv_res.a */,
			);
			name = Products;
			sourceTree = "<group>";
		};
		B81CD6E81AAB347700CCFE7E /* fdv_res */ = {
			isa = PBXGroup;
			children = (
				B81CD6E91AAB347700CCFE7E /* fdv_res.h */,
				B81CD6EB1AAB347700CCFE7E /* fdv_res.cpp */,
			);
			path = fdv_res;
			sourceTree = "<group>";
		};
/* End PBXGroup section */

/* Begin PBXHeadersBuildPhase section */
		B81CD6E41AAB347700CCFE7E /* Headers */ = {
			isa = PBXHeadersBuildPhase;
			buildActionMask = 2147483647;
			files = (
				B81CD6EA1AAB347700CCFE7E /* fdv_res.h in Headers */,
			);
			runOnlyForDeploymentPostprocessing = 0;
		};
/* End PBXHeadersBuildPhase section */

/* Begin PBXNativeTarget section */
		B81CD6E51AAB347700CCFE7E /* fdv_res */ = {
			isa = PBXNativeTarget;
			buildConfigurationList = B81CD6FA1AAB347700CCFE7E /* Build configuration list for PBXNativeTarget "fdv_res" */;
			buildPhases = (
				B81CD6E21AAB347700CCFE7E /* Sources */,
				B81CD6E31AAB347700CCFE7E /* Frameworks */,
				B81CD6E41AAB347700CCFE7E /* Headers */,
			);
			buildRules = (
			);
			dependencies = (
			);
			name = fdv_res;
			productName = fdv_res;
			productReference = B81CD6E61AAB347700CCFE7E /* libfdv_res.a */;
			productType = "com.apple.product-type.library.static";
		};
/* End PBXNativeTarget section */

/* Begin PBXProject section */
		B81CD6DE1AAB347700CCFE7E /* Project object */ = {
			isa = PBXProject;
			attributes = {
				LastUpgradeCheck = 0610;
				ORGANIZATIONNAME = DollStudio;
				TargetAttributes = {
					B81CD6E51AAB347700CCFE7E = {
						CreatedOnToolsVersion = 6.1;
					};
				};
			};
			buildConfigurationList = B81CD6E11AAB347700CCFE7E /* Build configuration list for PBXProject "fdv_res" */;
			compatibilityVersion = "Xcode 3.2";
			developmentRegion = English;
			hasScannedForEncodings = 0;
			knownRegions = (
				en,
			);
			mainGroup = B81CD6DD1AAB347700CCFE7E;
			productRefGroup = B81CD6E71AAB347700CCFE7E /* Products */;
			projectDirPath = "";
			projectRoot = "";
			targets = (
				B81CD6E51AAB347700CCFE7E /* fdv_res */,
			);
		};
/* End PBXProject section */

/* Begin PBXSourcesBuildPhase section */
		B81CD6E21AAB347700CCFE7E /* Sources */ = {
			isa = PBXSourcesBuildPhase;
			buildActionMask = 2147483647;
			files = (
				B81CD6EC1AAB347700CCFE7E /* fdv_res.cpp in Sources */,
			);
			runOnlyForDeploymentPostprocessing = 0;
		};
/* End PBXSourcesBuildPhase section */

/* Begin XCBuildConfiguration section */
		B81CD6F81AAB347700CCFE7E /* Debug */ = {
			isa = XCBuildConfiguration;
			buildSettings = {
				ALWAYS_SEARCH_USER_PATHS = NO;
				CLANG_CXX_LANGUAGE_STANDARD = "gnu++0x";
				CLANG_CXX_LIBRARY = "libc++";
				CLANG_ENABLE_MODULES = YES;
				CLANG_ENABLE_OBJC_ARC = YES;
				CLANG_WARN_BOOL_CONVERSION = YES;
				CLANG_WARN_CONSTANT_CONVERSION = YES;
				CLANG_WARN_DIRECT_OBJC_ISA_USAGE = YES_ERROR;
				CLANG_WARN_EMPTY_BODY = YES;
				CLANG_WARN_ENUM_CONVERSION = YES;
				CLANG_WARN_INT_CONVERSION = YES;
				CLANG_WARN_OBJC_ROOT_CLASS = YES_ERROR;
				CLANG_WARN_UNREACHABLE_CODE = YES;
				CLANG_WARN__DUPLICATE_METHOD_MATCH = YES;
				COPY_PHASE_STRIP = NO;
				ENABLE_STRICT_OBJC_MSGSEND = YES;
				GCC_C_LANGUAGE_STANDARD = gnu99;
				GCC_DYNAMIC_NO_PIC = NO;
				GCC_OPTIMIZATION_LEVEL = 0;
				GCC_PREPROCESSOR_DEFINITIONS = (
					"DEBUG=1",
					"$(inherited)",
				);
				GCC_SYMBOLS_PRIVATE_EXTERN = NO;
				GCC_WARN_64_TO_32_BIT_CONVERSION = YES;
				GCC_WARN_ABOUT_RETURN_TYPE = YES_ERROR;
				GCC_WARN_UNDECLARED_SELECTOR = YES;
				GCC_WARN_UNINITIALIZED_AUTOS = YES_AGGRESSIVE;
				GCC_WARN_UNUSED_FUNCTION = YES;
				GCC_WARN_UNUSED_VARIABLE = YES;
				MACOSX_DEPLOYMENT_TARGET = 10.10;
				MTL_ENABLE_DEBUG_INFO = YES;
				ONLY_ACTIVE_ARCH = YES;
				SDKROOT = macosx;
			};
			name = Debug;
		};
		B81CD6F91AAB347700CCFE7E /* Release */ = {
			isa = XCBuildConfiguration;
			buildSettings = {
				ALWAYS_SEARCH_USER_PATHS = NO;
				CLANG_CXX_LANGUAGE_STANDARD = "gnu++0x";
				CLANG_CXX_LIBRARY = "libc++";
				CLANG_ENABLE_MODULES = YES;
				CLANG_ENABLE_OBJC_ARC = YES;
				CLANG_WARN_BOOL_CONVERSION = YES;
				CLANG_WARN_CONSTANT_CONVERSION = YES;
				CLANG_WARN_DIRECT_OBJC_ISA_USAGE = YES_ERROR;
				CLANG_WARN_EMPTY_BODY = YES;
				CLANG_WARN_ENUM_CONVERSION = YES;
				CLANG_WARN_INT_CONVERSION = YES;
				CLANG_WARN_OBJC_ROOT_CLASS = YES_ERROR;
				CLANG_WARN_UNREACHABLE_CODE = YES;
				CLANG_WARN__DUPLICATE_METHOD_MATCH = YES;
				COPY_PHASE_STRIP = YES;
				DEBUG_INFORMATION_FORMAT = "dwarf-with-dsym";
				ENABLE_NS_ASSERTIONS = NO;
				ENABLE_STRICT_OBJC_MSGSEND = YES;
				GCC_C_LANGUAGE_STANDARD = gnu99;
				GCC_WARN_64_TO_32_BIT_CONVERSION = YES;
				GCC_WARN_ABOUT_RETURN_TYPE = YES_ERROR;
				GCC_WARN_UNDECLARED_SELECTOR = YES;
				GCC_WARN_UNINITIALIZED_AUTOS = YES_AGGRESSIVE;
				GCC_WARN_UNUSED_FUNCTION = YES;
				GCC_WARN_UNUSED_VARIABLE = YES;
				MACOSX_DEPLOYMENT_TARGET = 10.10;
				MTL_ENABLE_DEBUG_INFO = NO;
				SDKROOT = macosx;
			};
			name = Release;
		};
		B81CD6FB1AAB347700CCFE7E /* Debug */ = {
			isa = XCBuildConfiguration;
			buildSettings = {
				EXECUTABLE_PREFIX = lib;
				PRODUCT_NAME = "$(TARGET_NAME)";
			};
			name = Debug;
		};
		B81CD6FC1AAB347700CCFE7E /* Release */ = {
			isa = XCBuildConfiguration;
			buildSettings = {
				EXECUTABLE_PREFIX = lib;
				PRODUCT_NAME = "$(TARGET_NAME)";
			};
			name = Release;
		};
/* End XCBuildConfiguration section */

/* Begin XCConfigurationList section */
		B81CD6E11AAB347700CCFE7E /* Build configuration list for PBXProject "fdv_res" */ = {
			isa = XCConfigurationList;
			buildConfigurations = (
				B81CD6F81AAB347700CCFE7E /* Debug */,
				B81CD6F91AAB347700CCFE7E /* Release */,
			);
			defaultConfigurationIsVisible = 0;
			defaultConfigurationName = Release;
		};
		B81CD6FA1AAB347700CCFE7E /* Build configuration list for PBXNativeTarget "fdv_res" */ = {
			isa = XCConfigurationList;
			buildConfigurations = (
				B81CD6FB1AAB347700CCFE7E /* Debug */,
				B81CD6FC1AAB347700CCFE7E /* Release */,
			);
			defaultConfigurationIsVisible = 0;
		};
/* End XCConfigurationList section */
	};
	rootObject = B81CD6DE1AAB347700CCFE7E /* Project object */;
}
